
Microsoft Visual Studio Solution File, Format Version 12.00
# Visual Studio 15
VisualStudioVersion = 15.0.28010.2046
MinimumVisualStudioVersion = 10.0.40219.1
Project("{FAE04EC0-301F-11D3-BF4B-00C04F79EFBC}") = "Client_Test_2", "Client_Test_2\Client_Test_2.csproj", "{EE78BF3C-1017-4934-B6CD-4106362A1CDA}"
EndProject
Global
	GlobalSection(SolutionConfigurationPlatforms) = preSolution
		Debug|Any CPU = Debug|Any CPU
		Release|Any CPU = Release|Any CPU
	EndGlobalSection
	GlobalSection(ProjectConfigurationPlatforms) = postSolution
		{EE78BF3C-1017-4934-B6CD-4106362A1CDA}.Debug|Any CPU.ActiveCfg = Debug|Any CPU
		{EE78BF3C-1017-4934-B6CD-4106362A1CDA}.Debug|Any CPU.Build.0 = Debug|Any CPU
		{EE78BF3C-1017-4934-B6CD-4106362A1CDA}.Release|Any CPU.ActiveCfg = Release|Any CPU
		{EE78BF3C-1017-4934-B6CD-4106362A1CDA}.Release|Any CPU.Build.0 = Release|Any CPU
	EndGlobalSection
	GlobalSection(SolutionProperties) = preSolution
		HideSolutionNode = FALSE
	EndGlobalSection
	GlobalSection(ExtensibilityGlobals) = postSolution
		SolutionGuid = {4BD06740-1BA7-4BAC-BBC4-FB4000D5AB9C}
	EndGlobalSection
EndGlobal
